// !$*UTF8*$!
{
	archiveVersion = 1;
	classes = {
	};
	objectVersion = 56;
	objects = {

/* Begin PBXBuildFile section */
		CC0607512966E006009D29EA /* Jugador.cpp in Sources */ = {isa = PBXBuildFile; fileRef = CC06074F2966E006009D29EA /* Jugador.cpp */; };
		CC1041532966150D0035C7AA /* main.cpp in Sources */ = {isa = PBXBuildFile; fileRef = CC1041522966150D0035C7AA /* main.cpp */; };
		CC10415A296615630035C7AA /* Barco.cpp in Sources */ = {isa = PBXBuildFile; fileRef = CC104159296615630035C7AA /* Barco.cpp */; };
		CC10415C296615690035C7AA /* Casilla.cpp in Sources */ = {isa = PBXBuildFile; fileRef = CC10415B296615690035C7AA /* Casilla.cpp */; };
		CC10415E2966156E0035C7AA /* Tablero.cpp in Sources */ = {isa = PBXBuildFile; fileRef = CC10415D2966156E0035C7AA /* Tablero.cpp */; };
		CC628C2929674F0000B36366 /* Portaaviones.cpp in Sources */ = {isa = PBXBuildFile; fileRef = CC628C2729674F0000B36366 /* Portaaviones.cpp */; };
		CC628C2C29674FB200B36366 /* Acorazado.cpp in Sources */ = {isa = PBXBuildFile; fileRef = CC628C2A29674FB200B36366 /* Acorazado.cpp */; };
		CC628C2F29674FBC00B36366 /* Submarino.cpp in Sources */ = {isa = PBXBuildFile; fileRef = CC628C2D29674FBC00B36366 /* Submarino.cpp */; };
		CC628C3229674FC600B36366 /* Patrullero.cpp in Sources */ = {isa = PBXBuildFile; fileRef = CC628C3029674FC600B36366 /* Patrullero.cpp */; };
		CC628C3529674FD100B36366 /* Buque.cpp in Sources */ = {isa = PBXBuildFile; fileRef = CC628C3329674FD100B36366 /* Buque.cpp */; };
/* End PBXBuildFile section */

/* Begin PBXCopyFilesBuildPhase section */
		CC10414D2966150D0035C7AA /* CopyFiles */ = {
			isa = PBXCopyFilesBuildPhase;
			buildActionMask = 2147483647;
			dstPath = /usr/share/man/man1/;
			dstSubfolderSpec = 0;
			files = (
			);
			runOnlyForDeploymentPostprocessing = 1;
		};
/* End PBXCopyFilesBuildPhase section */

/* Begin PBXFileReference section */
		CC06074F2966E006009D29EA /* Jugador.cpp */ = {isa = PBXFileReference; lastKnownFileType = sourcecode.cpp.cpp; path = Jugador.cpp; sourceTree = "<group>"; };
		CC0607502966E006009D29EA /* Jugador.h */ = {isa = PBXFileReference; lastKnownFileType = sourcecode.c.h; path = Jugador.h; sourceTree = "<group>"; };
		CC10414F2966150D0035C7AA /* HundirLaFlota */ = {isa = PBXFileReference; explicitFileType = "compiled.mach-o.executable"; includeInIndex = 0; path = HundirLaFlota; sourceTree = BUILT_PRODUCTS_DIR; };
		CC1041522966150D0035C7AA /* main.cpp */ = {isa = PBXFileReference; lastKnownFileType = sourcecode.cpp.cpp; path = main.cpp; sourceTree = "<group>"; };
		CC104159296615630035C7AA /* Barco.cpp */ = {isa = PBXFileReference; fileEncoding = 4; lastKnownFileType = sourcecode.cpp.cpp; path = Barco.cpp; sourceTree = "<group>"; };
		CC10415B296615690035C7AA /* Casilla.cpp */ = {isa = PBXFileReference; fileEncoding = 4; lastKnownFileType = sourcecode.cpp.cpp; path = Casilla.cpp; sourceTree = "<group>"; };
		CC10415D2966156E0035C7AA /* Tablero.cpp */ = {isa = PBXFileReference; fileEncoding = 4; lastKnownFileType = sourcecode.cpp.cpp; path = Tablero.cpp; sourceTree = "<group>"; };
		CC104166296618DC0035C7AA /* Barco.h */ = {isa = PBXFileReference; lastKnownFileType = sourcecode.c.h; path = Barco.h; sourceTree = "<group>"; };
		CC104167296618E40035C7AA /* Casilla.h */ = {isa = PBXFileReference; lastKnownFileType = sourcecode.c.h; path = Casilla.h; sourceTree = "<group>"; };
		CC104168296618EF0035C7AA /* Fila.h */ = {isa = PBXFileReference; lastKnownFileType = sourcecode.c.h; path = Fila.h; sourceTree = "<group>"; };
		CC104169296619000035C7AA /* Tablero.h */ = {isa = PBXFileReference; lastKnownFileType = sourcecode.c.h; path = Tablero.h; sourceTree = "<group>"; };
		CC628C2729674F0000B36366 /* Portaaviones.cpp */ = {isa = PBXFileReference; lastKnownFileType = sourcecode.cpp.cpp; path = Portaaviones.cpp; sourceTree = "<group>"; };
		CC628C2829674F0000B36366 /* Portaaviones.h */ = {isa = PBXFileReference; lastKnownFileType = sourcecode.c.h; path = Portaaviones.h; sourceTree = "<group>"; };
		CC628C2A29674FB200B36366 /* Acorazado.cpp */ = {isa = PBXFileReference; lastKnownFileType = sourcecode.cpp.cpp; path = Acorazado.cpp; sourceTree = "<group>"; };
		CC628C2B29674FB200B36366 /* Acorazado.h */ = {isa = PBXFileReference; lastKnownFileType = sourcecode.c.h; path = Acorazado.h; sourceTree = "<group>"; };
		CC628C2D29674FBC00B36366 /* Submarino.cpp */ = {isa = PBXFileReference; lastKnownFileType = sourcecode.cpp.cpp; path = Submarino.cpp; sourceTree = "<group>"; };
		CC628C2E29674FBC00B36366 /* Submarino.h */ = {isa = PBXFileReference; lastKnownFileType = sourcecode.c.h; path = Submarino.h; sourceTree = "<group>"; };
		CC628C3029674FC600B36366 /* Patrullero.cpp */ = {isa = PBXFileReference; lastKnownFileType = sourcecode.cpp.cpp; path = Patrullero.cpp; sourceTree = "<group>"; };
		CC628C3129674FC600B36366 /* Patrullero.h */ = {isa = PBXFileReference; lastKnownFileType = sourcecode.c.h; path = Patrullero.h; sourceTree = "<group>"; };
		CC628C3329674FD100B36366 /* Buque.cpp */ = {isa = PBXFileReference; lastKnownFileType = sourcecode.cpp.cpp; path = Buque.cpp; sourceTree = "<group>"; };
		CC628C3429674FD100B36366 /* Buque.h */ = {isa = PBXFileReference; lastKnownFileType = sourcecode.c.h; path = Buque.h; sourceTree = "<group>"; };
/* End PBXFileReference section */

/* Begin PBXFrameworksBuildPhase section */
		CC10414C2966150D0035C7AA /* Frameworks */ = {
			isa = PBXFrameworksBuildPhase;
			buildActionMask = 2147483647;
			files = (
			);
			runOnlyForDeploymentPostprocessing = 0;
		};
/* End PBXFrameworksBuildPhase section */

/* Begin PBXGroup section */
		CC1041462966150D0035C7AA = {
			isa = PBXGroup;
			children = (
				CC104165296618A30035C7AA /* Archivos de encabezado */,
				CC1041512966150D0035C7AA /* HundirLaFlota */,
				CC1041502966150D0035C7AA /* Products */,
			);
			sourceTree = "<group>";
		};
		CC1041502966150D0035C7AA /* Products */ = {
			isa = PBXGroup;
			children = (
				CC10414F2966150D0035C7AA /* HundirLaFlota */,
			);
			name = Products;
			sourceTree = "<group>";
		};
		CC1041512966150D0035C7AA /* HundirLaFlota */ = {
			isa = PBXGroup;
			children = (
				CC10415D2966156E0035C7AA /* Tablero.cpp */,
				CC10415B296615690035C7AA /* Casilla.cpp */,
				CC104159296615630035C7AA /* Barco.cpp */,
				CC1041522966150D0035C7AA /* main.cpp */,
				CC06074F2966E006009D29EA /* Jugador.cpp */,
				CC628C2729674F0000B36366 /* Portaaviones.cpp */,
				CC628C2A29674FB200B36366 /* Acorazado.cpp */,
				CC628C2D29674FBC00B36366 /* Submarino.cpp */,
				CC628C3029674FC600B36366 /* Patrullero.cpp */,
				CC628C3329674FD100B36366 /* Buque.cpp */,
			);
			path = HundirLaFlota;
			sourceTree = "<group>";
		};
		CC104165296618A30035C7AA /* Archivos de encabezado */ = {
			isa = PBXGroup;
			children = (
				CC104167296618E40035C7AA /* Casilla.h */,
				CC104168296618EF0035C7AA /* Fila.h */,
				CC104169296619000035C7AA /* Tablero.h */,
				CC0607502966E006009D29EA /* Jugador.h */,
				CC104166296618DC0035C7AA /* Barco.h */,
				CC628C2829674F0000B36366 /* Portaaviones.h */,
				CC628C2B29674FB200B36366 /* Acorazado.h */,
				CC628C2E29674FBC00B36366 /* Submarino.h */,
				CC628C3129674FC600B36366 /* Patrullero.h */,
				CC628C3429674FD100B36366 /* Buque.h */,
			);
			path = "Archivos de encabezado";
			sourceTree = "<group>";
		};
/* End PBXGroup section */

/* Begin PBXNativeTarget section */
		CC10414E2966150D0035C7AA /* HundirLaFlota */ = {
			isa = PBXNativeTarget;
			buildConfigurationList = CC1041562966150D0035C7AA /* Build configuration list for PBXNativeTarget "HundirLaFlota" */;
			buildPhases = (
				CC10414B2966150D0035C7AA /* Sources */,
				CC10414C2966150D0035C7AA /* Frameworks */,
				CC10414D2966150D0035C7AA /* CopyFiles */,
			);
			buildRules = (
			);
			dependencies = (
			);
			name = HundirLaFlota;
			productName = HundirLaFlota;
			productReference = CC10414F2966150D0035C7AA /* HundirLaFlota */;
			productType = "com.apple.product-type.tool";
		};
/* End PBXNativeTarget section */

/* Begin PBXProject section */
		CC1041472966150D0035C7AA /* Project object */ = {
			isa = PBXProject;
			attributes = {
				BuildIndependentTargetsInParallel = 1;
				LastUpgradeCheck = 1420;
				TargetAttributes = {
					CC10414E2966150D0035C7AA = {
						CreatedOnToolsVersion = 14.2;
					};
				};
			};
			buildConfigurationList = CC10414A2966150D0035C7AA /* Build configuration list for PBXProject "HundirLaFlota" */;
			compatibilityVersion = "Xcode 14.0";
			developmentRegion = en;
			hasScannedForEncodings = 0;
			knownRegions = (
				en,
				Base,
			);
			mainGroup = CC1041462966150D0035C7AA;
			productRefGroup = CC1041502966150D0035C7AA /* Products */;
			projectDirPath = "";
			projectRoot = "";
			targets = (
				CC10414E2966150D0035C7AA /* HundirLaFlota */,
			);
		};
/* End PBXProject section */

/* Begin PBXSourcesBuildPhase section */
		CC10414B2966150D0035C7AA /* Sources */ = {
			isa = PBXSourcesBuildPhase;
			buildActionMask = 2147483647;
			files = (
				CC1041532966150D0035C7AA /* main.cpp in Sources */,
				CC10415E2966156E0035C7AA /* Tablero.cpp in Sources */,
				CC0607512966E006009D29EA /* Jugador.cpp in Sources */,
				CC10415A296615630035C7AA /* Barco.cpp in Sources */,
				CC628C2929674F0000B36366 /* Portaaviones.cpp in Sources */,
				CC628C3229674FC600B36366 /* Patrullero.cpp in Sources */,
				CC628C3529674FD100B36366 /* Buque.cpp in Sources */,
				CC10415C296615690035C7AA /* Casilla.cpp in Sources */,
				CC628C2F29674FBC00B36366 /* Submarino.cpp in Sources */,
				CC628C2C29674FB200B36366 /* Acorazado.cpp in Sources */,
			);
			runOnlyForDeploymentPostprocessing = 0;
		};
/* End PBXSourcesBuildPhase section */

/* Begin XCBuildConfiguration section */
		CC1041542966150D0035C7AA /* Debug */ = {
			isa = XCBuildConfiguration;
			buildSettings = {
				ALWAYS_SEARCH_USER_PATHS = NO;
				CLANG_ANALYZER_NONNULL = YES;
				CLANG_ANALYZER_NUMBER_OBJECT_CONVERSION = YES_AGGRESSIVE;
				CLANG_CXX_LANGUAGE_STANDARD = "gnu++20";
				CLANG_ENABLE_MODULES = YES;
				CLANG_ENABLE_OBJC_ARC = YES;
				CLANG_ENABLE_OBJC_WEAK = YES;
				CLANG_WARN_BLOCK_CAPTURE_AUTORELEASING = YES;
				CLANG_WARN_BOOL_CONVERSION = YES;
				CLANG_WARN_COMMA = YES;
				CLANG_WARN_CONSTANT_CONVERSION = YES;
				CLANG_WARN_DEPRECATED_OBJC_IMPLEMENTATIONS = YES;
				CLANG_WARN_DIRECT_OBJC_ISA_USAGE = YES_ERROR;
				CLANG_WARN_DOCUMENTATION_COMMENTS = YES;
				CLANG_WARN_EMPTY_BODY = YES;
				CLANG_WARN_ENUM_CONVERSION = YES;
				CLANG_WARN_INFINITE_RECURSION = YES;
				CLANG_WARN_INT_CONVERSION = YES;
				CLANG_WARN_NON_LITERAL_NULL_CONVERSION = YES;
				CLANG_WARN_OBJC_IMPLICIT_RETAIN_SELF = YES;
				CLANG_WARN_OBJC_LITERAL_CONVERSION = YES;
				CLANG_WARN_OBJC_ROOT_CLASS = YES_ERROR;
				CLANG_WARN_QUOTED_INCLUDE_IN_FRAMEWORK_HEADER = YES;
				CLANG_WARN_RANGE_LOOP_ANALYSIS = YES;
				CLANG_WARN_STRICT_PROTOTYPES = YES;
				CLANG_WARN_SUSPICIOUS_MOVE = YES;
				CLANG_WARN_UNGUARDED_AVAILABILITY = YES_AGGRESSIVE;
				CLANG_WARN_UNREACHABLE_CODE = YES;
				CLANG_WARN__DUPLICATE_METHOD_MATCH = YES;
				COPY_PHASE_STRIP = NO;
				DEBUG_INFORMATION_FORMAT = dwarf;
				ENABLE_STRICT_OBJC_MSGSEND = YES;
				ENABLE_TESTABILITY = YES;
				GCC_C_LANGUAGE_STANDARD = gnu11;
				GCC_DYNAMIC_NO_PIC = NO;
				GCC_NO_COMMON_BLOCKS = YES;
				GCC_OPTIMIZATION_LEVEL = 0;
				GCC_PREPROCESSOR_DEFINITIONS = (
					"DEBUG=1",
					"$(inherited)",
				);
				GCC_WARN_64_TO_32_BIT_CONVERSION = YES;
				GCC_WARN_ABOUT_RETURN_TYPE = YES_ERROR;
				GCC_WARN_UNDECLARED_SELECTOR = YES;
				GCC_WARN_UNINITIALIZED_AUTOS = YES_AGGRESSIVE;
				GCC_WARN_UNUSED_FUNCTION = YES;
				GCC_WARN_UNUSED_VARIABLE = YES;
				MACOSX_DEPLOYMENT_TARGET = 13.0;
				MTL_ENABLE_DEBUG_INFO = INCLUDE_SOURCE;
				MTL_FAST_MATH = YES;
				ONLY_ACTIVE_ARCH = YES;
				SDKROOT = macosx;
			};
			name = Debug;
		};
		CC1041552966150D0035C7AA /* Release */ = {
			isa = XCBuildConfiguration;
			buildSettings = {
				ALWAYS_SEARCH_USER_PATHS = NO;
				CLANG_ANALYZER_NONNULL = YES;
				CLANG_ANALYZER_NUMBER_OBJECT_CONVERSION = YES_AGGRESSIVE;
				CLANG_CXX_LANGUAGE_STANDARD = "gnu++20";
				CLANG_ENABLE_MODULES = YES;
				CLANG_ENABLE_OBJC_ARC = YES;
				CLANG_ENABLE_OBJC_WEAK = YES;
				CLANG_WARN_BLOCK_CAPTURE_AUTORELEASING = YES;
				CLANG_WARN_BOOL_CONVERSION = YES;
				CLANG_WARN_COMMA = YES;
				CLANG_WARN_CONSTANT_CONVERSION = YES;
				CLANG_WARN_DEPRECATED_OBJC_IMPLEMENTATIONS = YES;
				CLANG_WARN_DIRECT_OBJC_ISA_USAGE = YES_ERROR;
				CLANG_WARN_DOCUMENTATION_COMMENTS = YES;
				CLANG_WARN_EMPTY_BODY = YES;
				CLANG_WARN_ENUM_CONVERSION = YES;
				CLANG_WARN_INFINITE_RECURSION = YES;
				CLANG_WARN_INT_CONVERSION = YES;
				CLANG_WARN_NON_LITERAL_NULL_CONVERSION = YES;
				CLANG_WARN_OBJC_IMPLICIT_RETAIN_SELF = YES;
				CLANG_WARN_OBJC_LITERAL_CONVERSION = YES;
				CLANG_WARN_OBJC_ROOT_CLASS = YES_ERROR;
				CLANG_WARN_QUOTED_INCLUDE_IN_FRAMEWORK_HEADER = YES;
				CLANG_WARN_RANGE_LOOP_ANALYSIS = YES;
				CLANG_WARN_STRICT_PROTOTYPES = YES;
				CLANG_WARN_SUSPICIOUS_MOVE = YES;
				CLANG_WARN_UNGUARDED_AVAILABILITY = YES_AGGRESSIVE;
				CLANG_WARN_UNREACHABLE_CODE = YES;
				CLANG_WARN__DUPLICATE_METHOD_MATCH = YES;
				COPY_PHASE_STRIP = NO;
				DEBUG_INFORMATION_FORMAT = "dwarf-with-dsym";
				ENABLE_NS_ASSERTIONS = NO;
				ENABLE_STRICT_OBJC_MSGSEND = YES;
				GCC_C_LANGUAGE_STANDARD = gnu11;
				GCC_NO_COMMON_BLOCKS = YES;
				GCC_WARN_64_TO_32_BIT_CONVERSION = YES;
				GCC_WARN_ABOUT_RETURN_TYPE = YES_ERROR;
				GCC_WARN_UNDECLARED_SELECTOR = YES;
				GCC_WARN_UNINITIALIZED_AUTOS = YES_AGGRESSIVE;
				GCC_WARN_UNUSED_FUNCTION = YES;
				GCC_WARN_UNUSED_VARIABLE = YES;
				MACOSX_DEPLOYMENT_TARGET = 13.0;
				MTL_ENABLE_DEBUG_INFO = NO;
				MTL_FAST_MATH = YES;
				SDKROOT = macosx;
			};
			name = Release;
		};
		CC1041572966150D0035C7AA /* Debug */ = {
			isa = XCBuildConfiguration;
			buildSettings = {
				CODE_SIGN_STYLE = Automatic;
				PRODUCT_NAME = "$(TARGET_NAME)";
			};
			name = Debug;
		};
		CC1041582966150D0035C7AA /* Release */ = {
			isa = XCBuildConfiguration;
			buildSettings = {
				CODE_SIGN_STYLE = Automatic;
				PRODUCT_NAME = "$(TARGET_NAME)";
			};
			name = Release;
		};
/* End XCBuildConfiguration section */

/* Begin XCConfigurationList section */
		CC10414A2966150D0035C7AA /* Build configuration list for PBXProject "HundirLaFlota" */ = {
			isa = XCConfigurationList;
			buildConfigurations = (
				CC1041542966150D0035C7AA /* Debug */,
				CC1041552966150D0035C7AA /* Release */,
			);
			defaultConfigurationIsVisible = 0;
			defaultConfigurationName = Release;
		};
		CC1041562966150D0035C7AA /* Build configuration list for PBXNativeTarget "HundirLaFlota" */ = {
			isa = XCConfigurationList;
			buildConfigurations = (
				CC1041572966150D0035C7AA /* Debug */,
				CC1041582966150D0035C7AA /* Release */,
			);
			defaultConfigurationIsVisible = 0;
			defaultConfigurationName = Release;
		};
/* End XCConfigurationList section */
	};
	rootObject = CC1041472966150D0035C7AA /* Project object */;
}
