// !$*UTF8*$!
{
	archiveVersion = 1;
	classes = {
	};
	objectVersion = 56;
	objects = {

/* Begin PBXBuildFile section */
		CCC891992965FCA600798F68 /* main.c in Sources */ = {isa = PBXBuildFile; fileRef = CCC891982965FCA600798F68 /* main.c */; };
		CCC891A22965FCC800798F68 /* Barco.cpp in Sources */ = {isa = PBXBuildFile; fileRef = CCC891A02965FCC800798F68 /* Barco.cpp */; };
		CCC891A52965FE2700798F68 /* Casilla.cpp in Sources */ = {isa = PBXBuildFile; fileRef = CCC891A32965FE2700798F68 /* Casilla.cpp */; };
		CCC891A92966018000798F68 /* Tablero.cpp in Sources */ = {isa = PBXBuildFile; fileRef = CCC891A72966018000798F68 /* Tablero.cpp */; };
/* End PBXBuildFile section */

/* Begin PBXCopyFilesBuildPhase section */
		CCC891932965FCA600798F68 /* CopyFiles */ = {
			isa = PBXCopyFilesBuildPhase;
			buildActionMask = 2147483647;
			dstPath = /usr/share/man/man1/;
			dstSubfolderSpec = 0;
			files = (
			);
			runOnlyForDeploymentPostprocessing = 1;
		};
/* End PBXCopyFilesBuildPhase section */

/* Begin PBXFileReference section */
		CCC891952965FCA600798F68 /* HundirLaFlota */ = {isa = PBXFileReference; explicitFileType = "compiled.mach-o.executable"; includeInIndex = 0; path = HundirLaFlota; sourceTree = BUILT_PRODUCTS_DIR; };
		CCC891982965FCA600798F68 /* main.c */ = {isa = PBXFileReference; lastKnownFileType = sourcecode.c.c; path = main.c; sourceTree = "<group>"; };
		CCC891A02965FCC800798F68 /* Barco.cpp */ = {isa = PBXFileReference; lastKnownFileType = sourcecode.cpp.cpp; path = Barco.cpp; sourceTree = "<group>"; };
		CCC891A12965FCC800798F68 /* Barco.h */ = {isa = PBXFileReference; lastKnownFileType = sourcecode.c.h; path = Barco.h; sourceTree = "<group>"; };
		CCC891A32965FE2700798F68 /* Casilla.cpp */ = {isa = PBXFileReference; lastKnownFileType = sourcecode.cpp.cpp; path = Casilla.cpp; sourceTree = "<group>"; };
		CCC891A42965FE2700798F68 /* Casilla.h */ = {isa = PBXFileReference; lastKnownFileType = sourcecode.c.h; path = Casilla.h; sourceTree = "<group>"; };
		CCC891A62965FEBB00798F68 /* Fila.h */ = {isa = PBXFileReference; lastKnownFileType = sourcecode.c.h; path = Fila.h; sourceTree = "<group>"; };
		CCC891A72966018000798F68 /* Tablero.cpp */ = {isa = PBXFileReference; lastKnownFileType = sourcecode.cpp.cpp; path = Tablero.cpp; sourceTree = "<group>"; };
		CCC891A82966018000798F68 /* Tablero.h */ = {isa = PBXFileReference; lastKnownFileType = sourcecode.c.h; path = Tablero.h; sourceTree = "<group>"; };
/* End PBXFileReference section */

/* Begin PBXFrameworksBuildPhase section */
		CCC891922965FCA600798F68 /* Frameworks */ = {
			isa = PBXFrameworksBuildPhase;
			buildActionMask = 2147483647;
			files = (
			);
			runOnlyForDeploymentPostprocessing = 0;
		};
/* End PBXFrameworksBuildPhase section */

/* Begin PBXGroup section */
		CCC8918C2965FCA600798F68 = {
			isa = PBXGroup;
			children = (
				CCC8919F2965FCB500798F68 /* Archivos de encabezado */,
				CCC891972965FCA600798F68 /* HundirLaFlota */,
				CCC891962965FCA600798F68 /* Products */,
			);
			sourceTree = "<group>";
		};
		CCC891962965FCA600798F68 /* Products */ = {
			isa = PBXGroup;
			children = (
				CCC891952965FCA600798F68 /* HundirLaFlota */,
			);
			name = Products;
			sourceTree = "<group>";
		};
		CCC891972965FCA600798F68 /* HundirLaFlota */ = {
			isa = PBXGroup;
			children = (
				CCC891982965FCA600798F68 /* main.c */,
				CCC891A02965FCC800798F68 /* Barco.cpp */,
				CCC891A32965FE2700798F68 /* Casilla.cpp */,
				CCC891A72966018000798F68 /* Tablero.cpp */,
			);
			path = HundirLaFlota;
			sourceTree = "<group>";
		};
		CCC8919F2965FCB500798F68 /* Archivos de encabezado */ = {
			isa = PBXGroup;
			children = (
				CCC891A12965FCC800798F68 /* Barco.h */,
				CCC891A42965FE2700798F68 /* Casilla.h */,
				CCC891A62965FEBB00798F68 /* Fila.h */,
				CCC891A82966018000798F68 /* Tablero.h */,
			);
			path = "Archivos de encabezado";
			sourceTree = "<group>";
		};
/* End PBXGroup section */

/* Begin PBXNativeTarget section */
		CCC891942965FCA600798F68 /* HundirLaFlota */ = {
			isa = PBXNativeTarget;
			buildConfigurationList = CCC8919C2965FCA600798F68 /* Build configuration list for PBXNativeTarget "HundirLaFlota" */;
			buildPhases = (
				CCC891912965FCA600798F68 /* Sources */,
				CCC891922965FCA600798F68 /* Frameworks */,
				CCC891932965FCA600798F68 /* CopyFiles */,
			);
			buildRules = (
			);
			dependencies = (
			);
			name = HundirLaFlota;
			productName = HundirLaFlota;
			productReference = CCC891952965FCA600798F68 /* HundirLaFlota */;
			productType = "com.apple.product-type.tool";
		};
/* End PBXNativeTarget section */

/* Begin PBXProject section */
		CCC8918D2965FCA600798F68 /* Project object */ = {
			isa = PBXProject;
			attributes = {
				BuildIndependentTargetsInParallel = 1;
				LastUpgradeCheck = 1420;
				TargetAttributes = {
					CCC891942965FCA600798F68 = {
						CreatedOnToolsVersion = 14.2;
					};
				};
			};
			buildConfigurationList = CCC891902965FCA600798F68 /* Build configuration list for PBXProject "HundirLaFlota" */;
			compatibilityVersion = "Xcode 14.0";
			developmentRegion = en;
			hasScannedForEncodings = 0;
			knownRegions = (
				en,
				Base,
			);
			mainGroup = CCC8918C2965FCA600798F68;
			productRefGroup = CCC891962965FCA600798F68 /* Products */;
			projectDirPath = "";
			projectRoot = "";
			targets = (
				CCC891942965FCA600798F68 /* HundirLaFlota */,
			);
		};
/* End PBXProject section */

/* Begin PBXSourcesBuildPhase section */
		CCC891912965FCA600798F68 /* Sources */ = {
			isa = PBXSourcesBuildPhase;
			buildActionMask = 2147483647;
			files = (
				CCC891992965FCA600798F68 /* main.c in Sources */,
				CCC891A92966018000798F68 /* Tablero.cpp in Sources */,
				CCC891A22965FCC800798F68 /* Barco.cpp in Sources */,
				CCC891A52965FE2700798F68 /* Casilla.cpp in Sources */,
			);
			runOnlyForDeploymentPostprocessing = 0;
		};
/* End PBXSourcesBuildPhase section */

/* Begin XCBuildConfiguration section */
		CCC8919A2965FCA600798F68 /* Debug */ = {
			isa = XCBuildConfiguration;
			buildSettings = {
				ALWAYS_SEARCH_USER_PATHS = NO;
				CLANG_ANALYZER_NONNULL = YES;
				CLANG_ANALYZER_NUMBER_OBJECT_CONVERSION = YES_AGGRESSIVE;
				CLANG_CXX_LANGUAGE_STANDARD = "gnu++20";
				CLANG_ENABLE_MODULES = YES;
				CLANG_ENABLE_OBJC_ARC = YES;
				CLANG_ENABLE_OBJC_WEAK = YES;
				CLANG_WARN_BLOCK_CAPTURE_AUTORELEASING = YES;
				CLANG_WARN_BOOL_CONVERSION = YES;
				CLANG_WARN_COMMA = YES;
				CLANG_WARN_CONSTANT_CONVERSION = YES;
				CLANG_WARN_DEPRECATED_OBJC_IMPLEMENTATIONS = YES;
				CLANG_WARN_DIRECT_OBJC_ISA_USAGE = YES_ERROR;
				CLANG_WARN_DOCUMENTATION_COMMENTS = YES;
				CLANG_WARN_EMPTY_BODY = YES;
				CLANG_WARN_ENUM_CONVERSION = YES;
				CLANG_WARN_INFINITE_RECURSION = YES;
				CLANG_WARN_INT_CONVERSION = YES;
				CLANG_WARN_NON_LITERAL_NULL_CONVERSION = YES;
				CLANG_WARN_OBJC_IMPLICIT_RETAIN_SELF = YES;
				CLANG_WARN_OBJC_LITERAL_CONVERSION = YES;
				CLANG_WARN_OBJC_ROOT_CLASS = YES_ERROR;
				CLANG_WARN_QUOTED_INCLUDE_IN_FRAMEWORK_HEADER = YES;
				CLANG_WARN_RANGE_LOOP_ANALYSIS = YES;
				CLANG_WARN_STRICT_PROTOTYPES = YES;
				CLANG_WARN_SUSPICIOUS_MOVE = YES;
				CLANG_WARN_UNGUARDED_AVAILABILITY = YES_AGGRESSIVE;
				CLANG_WARN_UNREACHABLE_CODE = YES;
				CLANG_WARN__DUPLICATE_METHOD_MATCH = YES;
				COPY_PHASE_STRIP = NO;
				DEBUG_INFORMATION_FORMAT = dwarf;
				ENABLE_STRICT_OBJC_MSGSEND = YES;
				ENABLE_TESTABILITY = YES;
				GCC_C_LANGUAGE_STANDARD = gnu11;
				GCC_DYNAMIC_NO_PIC = NO;
				GCC_NO_COMMON_BLOCKS = YES;
				GCC_OPTIMIZATION_LEVEL = 0;
				GCC_PREPROCESSOR_DEFINITIONS = (
					"DEBUG=1",
					"$(inherited)",
				);
				GCC_WARN_64_TO_32_BIT_CONVERSION = YES;
				GCC_WARN_ABOUT_RETURN_TYPE = YES_ERROR;
				GCC_WARN_UNDECLARED_SELECTOR = YES;
				GCC_WARN_UNINITIALIZED_AUTOS = YES_AGGRESSIVE;
				GCC_WARN_UNUSED_FUNCTION = YES;
				GCC_WARN_UNUSED_VARIABLE = YES;
				MACOSX_DEPLOYMENT_TARGET = 13.0;
				MTL_ENABLE_DEBUG_INFO = INCLUDE_SOURCE;
				MTL_FAST_MATH = YES;
				ONLY_ACTIVE_ARCH = YES;
				SDKROOT = macosx;
			};
			name = Debug;
		};
		CCC8919B2965FCA600798F68 /* Release */ = {
			isa = XCBuildConfiguration;
			buildSettings = {
				ALWAYS_SEARCH_USER_PATHS = NO;
				CLANG_ANALYZER_NONNULL = YES;
				CLANG_ANALYZER_NUMBER_OBJECT_CONVERSION = YES_AGGRESSIVE;
				CLANG_CXX_LANGUAGE_STANDARD = "gnu++20";
				CLANG_ENABLE_MODULES = YES;
				CLANG_ENABLE_OBJC_ARC = YES;
				CLANG_ENABLE_OBJC_WEAK = YES;
				CLANG_WARN_BLOCK_CAPTURE_AUTORELEASING = YES;
				CLANG_WARN_BOOL_CONVERSION = YES;
				CLANG_WARN_COMMA = YES;
				CLANG_WARN_CONSTANT_CONVERSION = YES;
				CLANG_WARN_DEPRECATED_OBJC_IMPLEMENTATIONS = YES;
				CLANG_WARN_DIRECT_OBJC_ISA_USAGE = YES_ERROR;
				CLANG_WARN_DOCUMENTATION_COMMENTS = YES;
				CLANG_WARN_EMPTY_BODY = YES;
				CLANG_WARN_ENUM_CONVERSION = YES;
				CLANG_WARN_INFINITE_RECURSION = YES;
				CLANG_WARN_INT_CONVERSION = YES;
				CLANG_WARN_NON_LITERAL_NULL_CONVERSION = YES;
				CLANG_WARN_OBJC_IMPLICIT_RETAIN_SELF = YES;
				CLANG_WARN_OBJC_LITERAL_CONVERSION = YES;
				CLANG_WARN_OBJC_ROOT_CLASS = YES_ERROR;
				CLANG_WARN_QUOTED_INCLUDE_IN_FRAMEWORK_HEADER = YES;
				CLANG_WARN_RANGE_LOOP_ANALYSIS = YES;
				CLANG_WARN_STRICT_PROTOTYPES = YES;
				CLANG_WARN_SUSPICIOUS_MOVE = YES;
				CLANG_WARN_UNGUARDED_AVAILABILITY = YES_AGGRESSIVE;
				CLANG_WARN_UNREACHABLE_CODE = YES;
				CLANG_WARN__DUPLICATE_METHOD_MATCH = YES;
				COPY_PHASE_STRIP = NO;
				DEBUG_INFORMATION_FORMAT = "dwarf-with-dsym";
				ENABLE_NS_ASSERTIONS = NO;
				ENABLE_STRICT_OBJC_MSGSEND = YES;
				GCC_C_LANGUAGE_STANDARD = gnu11;
				GCC_NO_COMMON_BLOCKS = YES;
				GCC_WARN_64_TO_32_BIT_CONVERSION = YES;
				GCC_WARN_ABOUT_RETURN_TYPE = YES_ERROR;
				GCC_WARN_UNDECLARED_SELECTOR = YES;
				GCC_WARN_UNINITIALIZED_AUTOS = YES_AGGRESSIVE;
				GCC_WARN_UNUSED_FUNCTION = YES;
				GCC_WARN_UNUSED_VARIABLE = YES;
				MACOSX_DEPLOYMENT_TARGET = 13.0;
				MTL_ENABLE_DEBUG_INFO = NO;
				MTL_FAST_MATH = YES;
				SDKROOT = macosx;
			};
			name = Release;
		};
		CCC8919D2965FCA600798F68 /* Debug */ = {
			isa = XCBuildConfiguration;
			buildSettings = {
				CODE_SIGN_STYLE = Automatic;
				PRODUCT_NAME = "$(TARGET_NAME)";
			};
			name = Debug;
		};
		CCC8919E2965FCA600798F68 /* Release */ = {
			isa = XCBuildConfiguration;
			buildSettings = {
				CODE_SIGN_STYLE = Automatic;
				PRODUCT_NAME = "$(TARGET_NAME)";
			};
			name = Release;
		};
/* End XCBuildConfiguration section */

/* Begin XCConfigurationList section */
		CCC891902965FCA600798F68 /* Build configuration list for PBXProject "HundirLaFlota" */ = {
			isa = XCConfigurationList;
			buildConfigurations = (
				CCC8919A2965FCA600798F68 /* Debug */,
				CCC8919B2965FCA600798F68 /* Release */,
			);
			defaultConfigurationIsVisible = 0;
			defaultConfigurationName = Release;
		};
		CCC8919C2965FCA600798F68 /* Build configuration list for PBXNativeTarget "HundirLaFlota" */ = {
			isa = XCConfigurationList;
			buildConfigurations = (
				CCC8919D2965FCA600798F68 /* Debug */,
				CCC8919E2965FCA600798F68 /* Release */,
			);
			defaultConfigurationIsVisible = 0;
			defaultConfigurationName = Release;
		};
/* End XCConfigurationList section */
	};
	rootObject = CCC8918D2965FCA600798F68 /* Project object */;
}
